{
  "name": "@seiza/tycho-data",
  "version": "0.1.0",
  "lockfileVersion": 3,
  "requires": true,
  "packages": {
    "": {
      "name": "@seiza/tycho-data",
      "version": "0.1.0",
      "dependencies": {
        "@duckdb/node-api": "1.4.5-r.1"
      }
    },
    "node_modules/@duckdb/node-api": {
      "version": "1.4.5-r.1",
      "resolved": "https://registry.npmjs.org/@duckdb/node-api/-/node-api-1.4.5-r.1.tgz",
      "integrity": "sha512-lXPfeJclmhTGhBBnfVXy4siuGNpa8QaUIQGAWlDirC92Dq5fELdITI/LihiFDh5Gz7aM8AN9stCGIH891uv1oQ==",
      "license": "MIT",
      "dependencies": {
        "@duckdb/node-bindings": "1.4.5-r.1"
      }
    },
    "node_modules/@duckdb/node-bindings": {
      "version": "1.4.5-r.1",
      "resolved": "https://registry.npmjs.org/@duckdb/node-bindings/-/node-bindings-1.4.5-r.1.tgz",
      "integrity": "sha512-yIXjn8PcB/twK5qzlGyAYflWS7SOc+Pw2GSDzXOszL2uDWthozMj44c3kCWFVLx8P1lfjXw7N9Fjca+uBQpn6Q==",
      "license": "MIT",
      "optionalDependencies": {
        "@duckdb/node-bindings-darwin-arm64": "1.4.5-r.1",
        "@duckdb/node-bindings-darwin-x64": "1.4.5-r.1",
        "@duckdb/node-bindings-linux-arm64": "1.4.5-r.1",
        "@duckdb/node-bindings-linux-x64": "1.4.5-r.1",
        "@duckdb/node-bindings-win32-arm64": "1.4.5-r.1",
        "@duckdb/node-bindings-win32-x64": "1.4.5-r.1"
      }
    },
    "node_modules/@duckdb/node-bindings-darwin-arm64": {
      "version": "1.4.5-r.1",
      "resolved": "https://registry.npmjs.org/@duckdb/node-bindings-darwin-arm64/-/node-bindings-darwin-arm64-1.4.5-r.1.tgz",
      "integrity": "sha512-daWqehxIQX5Fnlbkp+yTX2A7rrlXWzfMYNLqil+kZXI7zKG7D/EmT+gWcgSL8N9Jo0fR9RBo8CtzUlR/AaRL5Q==",
      "cpu": [
        "arm64"
      ],
      "license": "MIT",
      "optional": true,
      "os": [
        "darwin"
      ]
    },
    "node_modules/@duckdb/node-bindings-darwin-x64": {
      "version": "1.4.5-r.1",
      "resolved": "https://registry.npmjs.org/@duckdb/node-bindings-darwin-x64/-/node-bindings-darwin-x64-1.4.5-r.1.tgz",
      "integrity": "sha512-iTtnNyVXF8zbdlxOe+Rgjcbbv+4WCkWYGfK3ejCwhaqBc8DH07fWPP5ZGtSbUDs/LDOvV/4k3IGD9hXaNTBmPw==",
      "cpu": [
        "x64"
      ],
      "license": "MIT",
      "optional": true,
      "os": [
        "darwin"
      ]
    },
    "node_modules/@duckdb/node-bindings-linux-arm64": {
      "version": "1.4.5-r.1",
      "resolved": "https://registry.npmjs.org/@duckdb/node-bindings-linux-arm64/-/node-bindings-linux-arm64-1.4.5-r.1.tgz",
      "integrity": "sha512-hDGBZDU5fum/4VDa/PFXUReZKb6ijOx63n10CZUKyY7tnZUV3K3/VpGdCpFyv+jwGuB2M27HpTwMtFYulRmGPQ==",
      "cpu": [
        "arm64"
      ],
      "license": "MIT",
      "optional": true,
      "os": [
        "linux"
      ]
    },
    "node_modules/@duckdb/node-bindings-linux-x64": {
      "version": "1.4.5-r.1",
      "resolved": "https://registry.npmjs.org/@duckdb/node-bindings-linux-x64/-/node-bindings-linux-x64-1.4.5-r.1.tgz",
      "integrity": "sha512-/0lEDmIx3crdopnz9snXnJGm1tvf6pqowX/LvycMnKYMAfpeXiQDLjAqgCJ4+95O4Y6An+Fgy6e4m7WW7ZYxVg==",
      "cpu": [
        "x64"
      ],
      "license": "MIT",
      "optional": true,
      "os": [
        "linux"
      ]
    },
    "node_modules/@duckdb/node-bindings-win32-arm64": {
      "version": "1.4.5-r.1",
      "resolved": "https://registry.npmjs.org/@duckdb/node-bindings-win32-arm64/-/node-bindings-win32-arm64-1.4.5-r.1.tgz",
      "integrity": "sha512-j+2s9yYlQW1lkGydObiZCPfmW6GzvqgYF42IPY0b9laENFvGz6tD5dwfZ8E41L5vwFSaK1AhjOZ6NFcCMQEPtg==",
      "cpu": [
        "arm64"
      ],
      "license": "MIT",
      "optional": true,
      "os": [
        "win32"
      ]
    },
    "node_modules/@duckdb/node-bindings-win32-x64": {
      "version": "1.4.5-r.1",
      "resolved": "https://registry.npmjs.org/@duckdb/node-bindings-win32-x64/-/node-bindings-win32-x64-1.4.5-r.1.tgz",
      "integrity": "sha512-4a1FmopqCbJgtUwDswEAzozCbSOR+waiJyAl4K9LHfACV897e72w/XZQT9kHEw36GJE03uWJIyqHlcV+WA+tXA==",
      "cpu": [
        "x64"
      ],
      "license": "MIT",
      "optional": true,
      "os": [
        "win32"
      ]
    }
  }
}
